
Microsoft Visual Studio Solution File, Format Version 12.00
# Visual Studio 15
VisualStudioVersion = 15.0.28307.271
MinimumVisualStudioVersion = 10.0.40219.1
Project("{FAE04EC0-301F-11D3-BF4B-00C04F79EFBC}") = "tienda", "tienda\tienda.csproj", "{F235C7E4-1D5B-41D0-95D0-176DD2EBB1FE}"
EndProject
Project("{54435603-DBB4-11D2-8724-00A0C9A8B90C}") = "Inventarios", "Inventarios\Inventarios.vdproj", "{67B9B5F7-67BF-4FA2-92FB-A9DE3E394BA2}"
EndProject
Project("{54435603-DBB4-11D2-8724-00A0C9A8B90C}") = "Administrador", "..\..\..\..\Administrador\Administrador.vdproj", "{12803FAB-5115-4C11-9F28-9C4B9F0EE811}"
EndProject
Global
	GlobalSection(SolutionConfigurationPlatforms) = preSolution
		Debug|Any CPU = Debug|Any CPU
		Release|Any CPU = Release|Any CPU
	EndGlobalSection
	GlobalSection(ProjectConfigurationPlatforms) = postSolution
		{F235C7E4-1D5B-41D0-95D0-176DD2EBB1FE}.Debug|Any CPU.ActiveCfg = Debug|Any CPU
		{F235C7E4-1D5B-41D0-95D0-176DD2EBB1FE}.Debug|Any CPU.Build.0 = Debug|Any CPU
		{F235C7E4-1D5B-41D0-95D0-176DD2EBB1FE}.Release|Any CPU.ActiveCfg = Release|Any CPU
		{F235C7E4-1D5B-41D0-95D0-176DD2EBB1FE}.Release|Any CPU.Build.0 = Release|Any CPU
		{67B9B5F7-67BF-4FA2-92FB-A9DE3E394BA2}.Debug|Any CPU.ActiveCfg = Debug
		{67B9B5F7-67BF-4FA2-92FB-A9DE3E394BA2}.Release|Any CPU.ActiveCfg = Release
		{12803FAB-5115-4C11-9F28-9C4B9F0EE811}.Debug|Any CPU.ActiveCfg = Debug
		{12803FAB-5115-4C11-9F28-9C4B9F0EE811}.Release|Any CPU.ActiveCfg = Release
	EndGlobalSection
	GlobalSection(SolutionProperties) = preSolution
		HideSolutionNode = FALSE
	EndGlobalSection
	GlobalSection(ExtensibilityGlobals) = postSolution
		SolutionGuid = {3D49FC94-4A77-4D3F-8767-AE0A4128C2BA}
	EndGlobalSection
EndGlobal
